Microsoft Visual Studio Solution File, Format Version 12.00
# Visual Studio 2012
Project("{FAE04EC0-301F-11D3-BF4B-00C04F79EFBC}") = "Godot", "Godot.csproj", "{7AB25014-C475-4FB0-BA40-601A78F21CDF}"
EndProject
Global
	GlobalSection(SolutionConfigurationPlatforms) = preSolution
	Debug|Any CPU = Debug|Any CPU
	ExportDebug|Any CPU = ExportDebug|Any CPU
	ExportRelease|Any CPU = ExportRelease|Any CPU
	EndGlobalSection
	GlobalSection(ProjectConfigurationPlatforms) = postSolution
		{7AB25014-C475-4FB0-BA40-601A78F21CDF}.Debug|Any CPU.ActiveCfg = Debug|Any CPU
		{7AB25014-C475-4FB0-BA40-601A78F21CDF}.Debug|Any CPU.Build.0 = Debug|Any CPU
		{7AB25014-C475-4FB0-BA40-601A78F21CDF}.ExportDebug|Any CPU.ActiveCfg = ExportDebug|Any CPU
		{7AB25014-C475-4FB0-BA40-601A78F21CDF}.ExportDebug|Any CPU.Build.0 = ExportDebug|Any CPU
		{7AB25014-C475-4FB0-BA40-601A78F21CDF}.ExportRelease|Any CPU.ActiveCfg = ExportRelease|Any CPU
		{7AB25014-C475-4FB0-BA40-601A78F21CDF}.ExportRelease|Any CPU.Build.0 = ExportRelease|Any CPU
	EndGlobalSection
EndGlobal
